{
  "name": "mastors-fluider",
  "version": "1.5.5",
  "lockfileVersion": 3,
  "requires": true,
  "packages": {
    "": {
      "name": "mastors-fluider",
      "version": "1.5.5",
      "license": "MIT",
      "dependencies": {
        "mastors-fluider": "^1.5.5"
      }
    },
    "node_modules/mastors-fluider": {
      "version": "1.5.5",
      "resolved": "https://registry.npmjs.org/mastors-fluider/-/mastors-fluider-1.5.5.tgz",
      "integrity": "sha512-5lcMH1vhzkBCMnZpRQXm3wsLdjm2n0xZMCW50gR1vf0eZ7Y9kOreXsDNaYJyCZbWgvtc4+mDMTQ5+Bnnm/qgvQ==",
      "license": "MIT",
      "dependencies": {
        "mastors-fluider": "^1.5.1"
      }
    }
  }
}
